
Microsoft Visual Studio Solution File, Format Version 12.00
# Visual Studio 14
VisualStudioVersion = 14.0.25420.1
MinimumVisualStudioVersion = 10.0.40219.1
Project("{FAE04EC0-301F-11D3-BF4B-00C04F79EFBC}") = "PIWebAPI", "PIWebAPI\PIWebAPI.csproj", "{33EFB6D1-EA5F-4AF4-B65A-2FCB1B8F26BD}"
EndProject
Global
	GlobalSection(SolutionConfigurationPlatforms) = preSolution
		Debug|Any CPU = Debug|Any CPU
		Release|Any CPU = Release|Any CPU
	EndGlobalSection
	GlobalSection(ProjectConfigurationPlatforms) = postSolution
		{33EFB6D1-EA5F-4AF4-B65A-2FCB1B8F26BD}.Debug|Any CPU.ActiveCfg = Debug|Any CPU
		{33EFB6D1-EA5F-4AF4-B65A-2FCB1B8F26BD}.Debug|Any CPU.Build.0 = Debug|Any CPU
		{33EFB6D1-EA5F-4AF4-B65A-2FCB1B8F26BD}.Release|Any CPU.ActiveCfg = Release|Any CPU
		{33EFB6D1-EA5F-4AF4-B65A-2FCB1B8F26BD}.Release|Any CPU.Build.0 = Release|Any CPU
	EndGlobalSection
	GlobalSection(SolutionProperties) = preSolution
		HideSolutionNode = FALSE
	EndGlobalSection
EndGlobal
